PODS:
  - SkarbSDK (0.3.1):
    - SwiftProtobuf
  - SwiftProtobuf (1.9.0)

DEPENDENCIES:
  - SkarbSDK

SPEC REPOS:
  https://github.com/CocoaPods/Specs.git:
    - SkarbSDK
    - SwiftProtobuf

SPEC CHECKSUMS:
  SkarbSDK: 26f8e05d089146da09b883ab29ec926f5b453d3d
  SwiftProtobuf: ecbec1be9036d15655f6b3443a1c4ea693c97932

PODFILE CHECKSUM: 346e3d83de032e28e565ced4d4190f58fa74659a

COCOAPODS: 1.9.1
