PODS:
  - CGRPCZlib (1.0.0-alpha.24)
  - CNIOAtomics (2.25.1)
  - CNIOBoringSSL (2.10.2)
  - CNIOBoringSSLShims (2.10.2):
    - CNIOBoringSSL (= 2.10.2)
  - CNIODarwin (2.25.1)
  - CNIOHTTPParser (2.25.1)
  - CNIOLinux (2.25.1)
  - CNIOSHA1 (2.25.1)
  - CNIOWindows (2.25.1)
  - gRPC-Swift (1.0.0-alpha.24):
    - CGRPCZlib (= 1.0.0-alpha.24)
    - Logging (< 2.0.0, >= 1.4.0)
    - SwiftNIO (< 3.0.0, >= 2.22.0)
    - SwiftNIOExtras (< 2.0.0, >= 1.4.0)
    - SwiftNIOHTTP2 (< 2.0.0, >= 1.16.1)
    - SwiftNIOSSL (< 3.0.0, >= 2.8.0)
    - SwiftNIOTransportServices (< 2.0.0, >= 1.6.0)
    - SwiftProtobuf (< 2.0.0, >= 1.9.0)
  - Logging (1.4.0)
  - SwiftNIO (2.25.1):
    - CNIOAtomics (= 2.25.1)
    - CNIODarwin (= 2.25.1)
    - CNIOLinux (= 2.25.1)
    - CNIOSHA1 (= 2.25.1)
    - CNIOWindows (= 2.25.1)
    - SwiftNIOConcurrencyHelpers (= 2.25.1)
  - SwiftNIOConcurrencyHelpers (2.25.1):
    - CNIOAtomics (= 2.25.1)
  - SwiftNIOExtras (1.7.0):
    - SwiftNIO (< 3, >= 2.9.0)
  - SwiftNIOFoundationCompat (2.25.1):
    - SwiftNIO (= 2.25.1)
  - SwiftNIOHPACK (1.16.2):
    - SwiftNIO (< 3, >= 2.18.0)
    - SwiftNIOConcurrencyHelpers (< 3, >= 2.18.0)
    - SwiftNIOHTTP1 (< 3, >= 2.18.0)
  - SwiftNIOHTTP1 (2.25.1):
    - CNIOHTTPParser (= 2.25.1)
    - SwiftNIO (= 2.25.1)
    - SwiftNIOConcurrencyHelpers (= 2.25.1)
  - SwiftNIOHTTP2 (1.16.2):
    - SwiftNIO (< 3, >= 2.18.0)
    - SwiftNIOConcurrencyHelpers (< 3, >= 2.18.0)
    - SwiftNIOHPACK (= 1.16.2)
    - SwiftNIOHTTP1 (< 3, >= 2.18.0)
    - SwiftNIOTLS (< 3, >= 2.18.0)
  - SwiftNIOSSL (2.10.2):
    - CNIOBoringSSL (= 2.10.2)
    - CNIOBoringSSLShims (= 2.10.2)
    - SwiftNIO (< 3, >= 2.15.0)
    - SwiftNIOConcurrencyHelpers (< 3, >= 2.15.0)
    - SwiftNIOTLS (< 3, >= 2.15.0)
  - SwiftNIOTLS (2.25.1):
    - SwiftNIO (= 2.25.1)
  - SwiftNIOTransportServices (1.9.1):
    - SwiftNIO (< 3, >= 2.19.0)
    - SwiftNIOConcurrencyHelpers (< 3, >= 2.19.0)
    - SwiftNIOFoundationCompat (< 3, >= 2.19.0)
    - SwiftNIOTLS (< 3, >= 2.19.0)
  - SwiftProtobuf (1.15.0)

DEPENDENCIES:
  - gRPC-Swift (= 1.0.0-alpha.24)

SPEC REPOS:
  https://github.com/CocoaPods/Specs.git:
    - CGRPCZlib
    - CNIOAtomics
    - CNIOBoringSSL
    - CNIOBoringSSLShims
    - CNIODarwin
    - CNIOHTTPParser
    - CNIOLinux
    - CNIOSHA1
    - CNIOWindows
    - gRPC-Swift
    - Logging
    - SwiftNIO
    - SwiftNIOConcurrencyHelpers
    - SwiftNIOExtras
    - SwiftNIOFoundationCompat
    - SwiftNIOHPACK
    - SwiftNIOHTTP1
    - SwiftNIOHTTP2
    - SwiftNIOSSL
    - SwiftNIOTLS
    - SwiftNIOTransportServices
    - SwiftProtobuf

SPEC CHECKSUMS:
  CGRPCZlib: cc0bc60dbf3937d8d93c3f9295d2799d178c6fe9
  CNIOAtomics: 2ae668942b9e7ac71e0fe286d11ac9b4fe329024
  CNIOBoringSSL: 3d59b923c8ec524308685664ae6388179c678ac7
  CNIOBoringSSLShims: 18b267690ba0d57b22e4e69dff2904a6b1d030b8
  CNIODarwin: 3874630a0e3506c3e86f272ad436103d27055831
  CNIOHTTPParser: 976fcf22759946c80ff74c8a2926728d88954a83
  CNIOLinux: e6394d7fd56d36ff43ada5796e9d96c14fcb3546
  CNIOSHA1: 43c4a0cfdea5e8be20927d9d2237ebe4233071f8
  CNIOWindows: 89048520e4a1484bcd5e20c252edf4089913aa7d
  gRPC-Swift: dce5702396a370061aa8ee56dfed47a00fe5ef5e
  Logging: beeb016c9c80cf77042d62e83495816847ef108b
  SwiftNIO: 3f9a197581f6dfebf65a5c85099f25197d892c8c
  SwiftNIOConcurrencyHelpers: 3670690a0fb8d8a0a4759804d07aaf89c9599839
  SwiftNIOExtras: 3a5d48aa8d09b4ad7e248bfc1fa46dbc28d56b35
  SwiftNIOFoundationCompat: 707c223452d1606e1619c2309f089aeadbf2943e
  SwiftNIOHPACK: a86298d347455478dcc0d0178b80bbbd38bdf299
  SwiftNIOHTTP1: 566744e4a9b4425009b59dce9ed962591052b0d0
  SwiftNIOHTTP2: 474925ac2ebabc5899892f7cafc0323eceb67f8c
  SwiftNIOSSL: 39756339a7425d68b48f00c0f9a9e068b8f536d0
  SwiftNIOTLS: 434418842a6bebc21864ec84229e5e3d2762ca0b
  SwiftNIOTransportServices: a8a17a43695a09bfdd5a56426f6e515120d5dbf3
  SwiftProtobuf: 3320217e9d8fb75f36b40282e78c482640fd75dd

PODFILE CHECKSUM: 7ea2649afd80ff5606b62de3ee69931364166e07

COCOAPODS: 1.9.3
