PODS:
  - CGRPCZlib (1.0.0-alpha.21)
  - CNIOAtomics (2.25.0)
  - CNIOBoringSSL (2.10.1)
  - CNIOBoringSSLShims (2.10.1):
    - CNIOBoringSSL (= 2.10.1)
  - CNIODarwin (2.25.0)
  - CNIOHTTPParser (2.25.0)
  - CNIOLinux (2.25.0)
  - CNIOSHA1 (2.25.0)
  - CNIOWindows (2.25.0)
  - gRPC-Swift (1.0.0-alpha.21):
    - CGRPCZlib (= 1.0.0-alpha.21)
    - Logging (< 2, >= 1.4.0)
    - SwiftNIO (< 3, >= 2.25.0)
    - SwiftNIOHTTP2 (< 2, >= 1.16.0)
    - SwiftNIOSSL (< 3, >= 2.10.1)
    - SwiftNIOTransportServices (< 2, >= 1.9.1)
    - SwiftProtobuf (< 2, >= 1.13.0)
  - Logging (1.4.0)
  - SwiftNIO (2.25.0):
    - CNIOAtomics (= 2.25.0)
    - CNIODarwin (= 2.25.0)
    - CNIOLinux (= 2.25.0)
    - CNIOSHA1 (= 2.25.0)
    - CNIOWindows (= 2.25.0)
    - SwiftNIOConcurrencyHelpers (= 2.25.0)
  - SwiftNIOConcurrencyHelpers (2.25.0):
    - CNIOAtomics (= 2.25.0)
  - SwiftNIOFoundationCompat (2.25.0):
    - SwiftNIO (= 2.25.0)
  - SwiftNIOHPACK (1.16.0):
    - SwiftNIO (< 3, >= 2.18.0)
    - SwiftNIOConcurrencyHelpers (< 3, >= 2.18.0)
    - SwiftNIOHTTP1 (< 3, >= 2.18.0)
  - SwiftNIOHTTP1 (2.25.0):
    - CNIOHTTPParser (= 2.25.0)
    - SwiftNIO (= 2.25.0)
    - SwiftNIOConcurrencyHelpers (= 2.25.0)
  - SwiftNIOHTTP2 (1.16.0):
    - SwiftNIO (< 3, >= 2.18.0)
    - SwiftNIOConcurrencyHelpers (< 3, >= 2.18.0)
    - SwiftNIOHPACK (= 1.16.0)
    - SwiftNIOHTTP1 (< 3, >= 2.18.0)
    - SwiftNIOTLS (< 3, >= 2.18.0)
  - SwiftNIOSSL (2.10.1):
    - CNIOBoringSSL (= 2.10.1)
    - CNIOBoringSSLShims (= 2.10.1)
    - SwiftNIO (< 3, >= 2.15.0)
    - SwiftNIOConcurrencyHelpers (< 3, >= 2.15.0)
    - SwiftNIOTLS (< 3, >= 2.15.0)
  - SwiftNIOTLS (2.25.0):
    - SwiftNIO (= 2.25.0)
  - SwiftNIOTransportServices (1.9.1):
    - SwiftNIO (< 3, >= 2.19.0)
    - SwiftNIOConcurrencyHelpers (< 3, >= 2.19.0)
    - SwiftNIOFoundationCompat (< 3, >= 2.19.0)
    - SwiftNIOTLS (< 3, >= 2.19.0)
  - SwiftProtobuf (1.14.0)

DEPENDENCIES:
  - gRPC-Swift (= 1.0.0-alpha.21)

SPEC REPOS:
  https://github.com/CocoaPods/Specs.git:
    - CGRPCZlib
    - CNIOAtomics
    - CNIOBoringSSL
    - CNIOBoringSSLShims
    - CNIODarwin
    - CNIOHTTPParser
    - CNIOLinux
    - CNIOSHA1
    - CNIOWindows
    - gRPC-Swift
    - Logging
    - SwiftNIO
    - SwiftNIOConcurrencyHelpers
    - SwiftNIOFoundationCompat
    - SwiftNIOHPACK
    - SwiftNIOHTTP1
    - SwiftNIOHTTP2
    - SwiftNIOSSL
    - SwiftNIOTLS
    - SwiftNIOTransportServices
    - SwiftProtobuf

SPEC CHECKSUMS:
  CGRPCZlib: ef556b3ef8e3947fb44f0fed32a47f1ac1394cba
  CNIOAtomics: d078a498a16e2d0d89eb45e854d49afb168ee4ad
  CNIOBoringSSL: bf8cb0eb8abddef7c948a563ea6aba66719736e5
  CNIOBoringSSLShims: 157c38a28100623bbf6ae1d8c988225189ce5d8f
  CNIODarwin: 0df880826baf5b2ca89ed6b2c29e39e142afba32
  CNIOHTTPParser: 783f1e413b6c6a9ded49747687a330f8e0a25e95
  CNIOLinux: dbcbe20bf8ab6baeb424aa58107ece92fb955aa8
  CNIOSHA1: 1ff64088bd91417abef09db5e3e1936dbfd3bf0b
  CNIOWindows: cda9fd9fb08758e842fcf7d5954e49e4733d3317
  gRPC-Swift: 44a8ba777cf5886b3fb488c2f09c6f726b8f1665
  Logging: beeb016c9c80cf77042d62e83495816847ef108b
  SwiftNIO: 9ac0801d52488056b7874fe0d42885afbcd9ef6b
  SwiftNIOConcurrencyHelpers: 35b622016ccbd7b0723f39abd9c24e172df05086
  SwiftNIOFoundationCompat: 92c330e2d7663243c5d3fde9e380436e8b49ab32
  SwiftNIOHPACK: 1c0b1ca04a5c7012c63c5c14d224b69ff6c06756
  SwiftNIOHTTP1: 6d8ca045225f1da1b8b47268374e97a46169c0db
  SwiftNIOHTTP2: 5d77df99b769e662aa14e0e1f169954fdab17f9f
  SwiftNIOSSL: 4b50e3b7e2d5baf97c185eacbacdf11a88efdde4
  SwiftNIOTLS: 32818e9a4baf5251993ab597f0eb096b3211c90f
  SwiftNIOTransportServices: a8a17a43695a09bfdd5a56426f6e515120d5dbf3
  SwiftProtobuf: ed465ed18402f998fd117f631da27e0168e6b59c

PODFILE CHECKSUM: c8ffd93437e4261ded42de4bae6a5d8fe3fbf576

COCOAPODS: 1.9.3
