// !$*UTF8*$!
{
	archiveVersion = 1;
	classes = {
	};
	objectVersion = 51;
	objects = {

/* Begin PBXBuildFile section */
		4F735BDF23D7279400A8A537 /* AppDelegate.swift in Sources */ = {isa = PBXBuildFile; fileRef = 4F735BDE23D7279400A8A537 /* AppDelegate.swift */; };
		4F735BE123D7279400A8A537 /* SceneDelegate.swift in Sources */ = {isa = PBXBuildFile; fileRef = 4F735BE023D7279400A8A537 /* SceneDelegate.swift */; };
		4F735BE323D7279400A8A537 /* ViewController.swift in Sources */ = {isa = PBXBuildFile; fileRef = 4F735BE223D7279400A8A537 /* ViewController.swift */; };
		4F735BE623D7279400A8A537 /* Main.storyboard in Resources */ = {isa = PBXBuildFile; fileRef = 4F735BE423D7279400A8A537 /* Main.storyboard */; };
		4F735BE823D7279500A8A537 /* Assets.xcassets in Resources */ = {isa = PBXBuildFile; fileRef = 4F735BE723D7279500A8A537 /* Assets.xcassets */; };
		4F735BEB23D7279500A8A537 /* LaunchScreen.storyboard in Resources */ = {isa = PBXBuildFile; fileRef = 4F735BE923D7279500A8A537 /* LaunchScreen.storyboard */; };
		4FA3DBD225B5A18B00DECDDD /* SKFetchProduct.swift in Sources */ = {isa = PBXBuildFile; fileRef = 4FA3DBD125B5A18B00DECDDD /* SKFetchProduct.swift */; };
		4FA3DD2125B998EB00DECDDD /* SkarbSDKTests.swift in Sources */ = {isa = PBXBuildFile; fileRef = 4FA3DD2025B998EB00DECDDD /* SkarbSDKTests.swift */; };
		4FA3DD2D25BA0CB000DECDDD /* SKAuthApiPb.swift in Sources */ = {isa = PBXBuildFile; fileRef = 4FA3DD2C25BA0CAF00DECDDD /* SKAuthApiPb.swift */; };
		4FA3DD3525BA0CF000DECDDD /* SKAuthApiPbExtension.swift in Sources */ = {isa = PBXBuildFile; fileRef = 4FA3DD3425BA0CF000DECDDD /* SKAuthApiPbExtension.swift */; };
		4FC970C5259C8F7D003F1C84 /* SKLogger.swift in Sources */ = {isa = PBXBuildFile; fileRef = 4FC97098259C8F7D003F1C84 /* SKLogger.swift */; };
		4FC970C6259C8F7D003F1C84 /* SkarbSDK.swift in Sources */ = {isa = PBXBuildFile; fileRef = 4FC97099259C8F7D003F1C84 /* SkarbSDK.swift */; };
		4FC970C7259C8F7D003F1C84 /* FormatterExtension.swift in Sources */ = {isa = PBXBuildFile; fileRef = 4FC9709B259C8F7D003F1C84 /* FormatterExtension.swift */; };
		4FC970C8259C8F7D003F1C84 /* LocaleExtension.swift in Sources */ = {isa = PBXBuildFile; fileRef = 4FC9709C259C8F7D003F1C84 /* LocaleExtension.swift */; };
		4FC970C9259C8F7D003F1C84 /* DateExtension.swift in Sources */ = {isa = PBXBuildFile; fileRef = 4FC9709D259C8F7D003F1C84 /* DateExtension.swift */; };
		4FC970CA259C8F7D003F1C84 /* SKCodableStruct.swift in Sources */ = {isa = PBXBuildFile; fileRef = 4FC9709F259C8F7D003F1C84 /* SKCodableStruct.swift */; };
		4FC970CB259C8F7D003F1C84 /* SKBrokerData.swift in Sources */ = {isa = PBXBuildFile; fileRef = 4FC970A0259C8F7D003F1C84 /* SKBrokerData.swift */; };
		4FC970CC259C8F7D003F1C84 /* SKCommandType.swift in Sources */ = {isa = PBXBuildFile; fileRef = 4FC970A1259C8F7D003F1C84 /* SKCommandType.swift */; };
		4FC970CD259C8F7D003F1C84 /* SKCommandStatus.swift in Sources */ = {isa = PBXBuildFile; fileRef = 4FC970A2259C8F7D003F1C84 /* SKCommandStatus.swift */; };
		4FC970CE259C8F7D003F1C84 /* SKPriceApiPb.swift in Sources */ = {isa = PBXBuildFile; fileRef = 4FC970A3259C8F7D003F1C84 /* SKPriceApiPb.swift */; };
		4FC970CF259C8F7D003F1C84 /* SKInitData.swift in Sources */ = {isa = PBXBuildFile; fileRef = 4FC970A4259C8F7D003F1C84 /* SKInitData.swift */; };
		4FC970D0259C8F7E003F1C84 /* SKInstallApiPb.swift in Sources */ = {isa = PBXBuildFile; fileRef = 4FC970A5259C8F7D003F1C84 /* SKInstallApiPb.swift */; };
		4FC970D1259C8F7E003F1C84 /* SKPurchaseData.swift in Sources */ = {isa = PBXBuildFile; fileRef = 4FC970A6259C8F7D003F1C84 /* SKPurchaseData.swift */; };
		4FC970D2259C8F7E003F1C84 /* SKPriceApiPbExtension.swift in Sources */ = {isa = PBXBuildFile; fileRef = 4FC970A7259C8F7D003F1C84 /* SKPriceApiPbExtension.swift */; };
		4FC970D3259C8F7E003F1C84 /* SKInstallApiPbExtension.swift in Sources */ = {isa = PBXBuildFile; fileRef = 4FC970A8259C8F7D003F1C84 /* SKInstallApiPbExtension.swift */; };
		4FC970D4259C8F7E003F1C84 /* SKPurchaseApiPbExtenstion.swift in Sources */ = {isa = PBXBuildFile; fileRef = 4FC970A9259C8F7D003F1C84 /* SKPurchaseApiPbExtenstion.swift */; };
		4FC970D5259C8F7E003F1C84 /* SKPurchaseApiPb.swift in Sources */ = {isa = PBXBuildFile; fileRef = 4FC970AA259C8F7D003F1C84 /* SKPurchaseApiPb.swift */; };
		4FC970D6259C8F7E003F1C84 /* SKBroker.swift in Sources */ = {isa = PBXBuildFile; fileRef = 4FC970AB259C8F7D003F1C84 /* SKBroker.swift */; };
		4FC970D7259C8F7E003F1C84 /* SKCommand.swift in Sources */ = {isa = PBXBuildFile; fileRef = 4FC970AC259C8F7D003F1C84 /* SKCommand.swift */; };
		4FC970D8259C8F7E003F1C84 /* SKTestData.swift in Sources */ = {isa = PBXBuildFile; fileRef = 4FC970AD259C8F7D003F1C84 /* SKTestData.swift */; };
		4FC970D9259C8F7E003F1C84 /* SKURLRequest.swift in Sources */ = {isa = PBXBuildFile; fileRef = 4FC970AE259C8F7D003F1C84 /* SKURLRequest.swift */; };
		4FC970DA259C8F7E003F1C84 /* SKServiceRegistry.swift in Sources */ = {isa = PBXBuildFile; fileRef = 4FC970B0259C8F7D003F1C84 /* SKServiceRegistry.swift */; };
		4FC970DB259C8F7E003F1C84 /* SKCommandStore.swift in Sources */ = {isa = PBXBuildFile; fileRef = 4FC970B2259C8F7D003F1C84 /* SKCommandStore.swift */; };
		4FC970DC259C8F7E003F1C84 /* SKStoreKitServiceImplementation.swift in Sources */ = {isa = PBXBuildFile; fileRef = 4FC970B4259C8F7D003F1C84 /* SKStoreKitServiceImplementation.swift */; };
		4FC970DD259C8F7E003F1C84 /* SKStoreKitService.swift in Sources */ = {isa = PBXBuildFile; fileRef = 4FC970B5259C8F7D003F1C84 /* SKStoreKitService.swift */; };
		4FC970DE259C8F7E003F1C84 /* SKMigrationService.swift in Sources */ = {isa = PBXBuildFile; fileRef = 4FC970B7259C8F7D003F1C84 /* SKMigrationService.swift */; };
		4FC970DF259C8F7E003F1C84 /* SKPriceApiGrpc.swift in Sources */ = {isa = PBXBuildFile; fileRef = 4FC970B9259C8F7D003F1C84 /* SKPriceApiGrpc.swift */; };
		4FC970E0259C8F7E003F1C84 /* SKServerAPI.swift in Sources */ = {isa = PBXBuildFile; fileRef = 4FC970BA259C8F7D003F1C84 /* SKServerAPI.swift */; };
		4FC970E1259C8F7E003F1C84 /* SKPurchaseApiGrpc.swift in Sources */ = {isa = PBXBuildFile; fileRef = 4FC970BB259C8F7D003F1C84 /* SKPurchaseApiGrpc.swift */; };
		4FC970E2259C8F7E003F1C84 /* SKResponseError.swift in Sources */ = {isa = PBXBuildFile; fileRef = 4FC970BD259C8F7D003F1C84 /* SKResponseError.swift */; };
		4FC970E3259C8F7E003F1C84 /* SKServerAPIImplementaton.swift in Sources */ = {isa = PBXBuildFile; fileRef = 4FC970BE259C8F7D003F1C84 /* SKServerAPIImplementaton.swift */; };
		4FC970E4259C8F7E003F1C84 /* SKInstallApiGrpc.swift in Sources */ = {isa = PBXBuildFile; fileRef = 4FC970BF259C8F7D003F1C84 /* SKInstallApiGrpc.swift */; };
		4FC970E5259C8F7E003F1C84 /* SKSyncServiceImplementation.swift in Sources */ = {isa = PBXBuildFile; fileRef = 4FC970C1259C8F7D003F1C84 /* SKSyncServiceImplementation.swift */; };
		4FC970E6259C8F7E003F1C84 /* SKSyncService.swift in Sources */ = {isa = PBXBuildFile; fileRef = 4FC970C2259C8F7D003F1C84 /* SKSyncService.swift */; };
		4FC970E7259C8F7E003F1C84 /* SKUserDefaultsService.swift in Sources */ = {isa = PBXBuildFile; fileRef = 4FC970C4259C8F7D003F1C84 /* SKUserDefaultsService.swift */; };
		97F5B54E4D9C915F1F0408A7 /* Pods_SkarbSDKExample.framework in Frameworks */ = {isa = PBXBuildFile; fileRef = 5313EE38F51E3FA1305834B1 /* Pods_SkarbSDKExample.framework */; };
/* End PBXBuildFile section */

/* Begin PBXContainerItemProxy section */
		4FA3DD2325B998EB00DECDDD /* PBXContainerItemProxy */ = {
			isa = PBXContainerItemProxy;
			containerPortal = 4F735BD323D7279400A8A537 /* Project object */;
			proxyType = 1;
			remoteGlobalIDString = 4F735BDA23D7279400A8A537;
			remoteInfo = SkarbSDKExample;
		};
/* End PBXContainerItemProxy section */

/* Begin PBXFileReference section */
		4F735BDB23D7279400A8A537 /* SkarbSDKExample.app */ = {isa = PBXFileReference; explicitFileType = wrapper.application; includeInIndex = 0; path = SkarbSDKExample.app; sourceTree = BUILT_PRODUCTS_DIR; };
		4F735BDE23D7279400A8A537 /* AppDelegate.swift */ = {isa = PBXFileReference; lastKnownFileType = sourcecode.swift; path = AppDelegate.swift; sourceTree = "<group>"; };
		4F735BE023D7279400A8A537 /* SceneDelegate.swift */ = {isa = PBXFileReference; lastKnownFileType = sourcecode.swift; path = SceneDelegate.swift; sourceTree = "<group>"; };
		4F735BE223D7279400A8A537 /* ViewController.swift */ = {isa = PBXFileReference; lastKnownFileType = sourcecode.swift; path = ViewController.swift; sourceTree = "<group>"; };
		4F735BE523D7279400A8A537 /* Base */ = {isa = PBXFileReference; lastKnownFileType = file.storyboard; name = Base; path = Base.lproj/Main.storyboard; sourceTree = "<group>"; };
		4F735BE723D7279500A8A537 /* Assets.xcassets */ = {isa = PBXFileReference; lastKnownFileType = folder.assetcatalog; path = Assets.xcassets; sourceTree = "<group>"; };
		4F735BEA23D7279500A8A537 /* Base */ = {isa = PBXFileReference; lastKnownFileType = file.storyboard; name = Base; path = Base.lproj/LaunchScreen.storyboard; sourceTree = "<group>"; };
		4F735BEC23D7279500A8A537 /* Info.plist */ = {isa = PBXFileReference; lastKnownFileType = text.plist.xml; path = Info.plist; sourceTree = "<group>"; };
		4FA3DBD125B5A18B00DECDDD /* SKFetchProduct.swift */ = {isa = PBXFileReference; lastKnownFileType = sourcecode.swift; path = SKFetchProduct.swift; sourceTree = "<group>"; };
		4FA3DD1E25B998EB00DECDDD /* SkarbSDKExampleTests.xctest */ = {isa = PBXFileReference; explicitFileType = wrapper.cfbundle; includeInIndex = 0; path = SkarbSDKExampleTests.xctest; sourceTree = BUILT_PRODUCTS_DIR; };
		4FA3DD2025B998EB00DECDDD /* SkarbSDKTests.swift */ = {isa = PBXFileReference; lastKnownFileType = sourcecode.swift; path = SkarbSDKTests.swift; sourceTree = "<group>"; };
		4FA3DD2225B998EB00DECDDD /* Info.plist */ = {isa = PBXFileReference; lastKnownFileType = text.plist.xml; path = Info.plist; sourceTree = "<group>"; };
		4FA3DD2C25BA0CAF00DECDDD /* SKAuthApiPb.swift */ = {isa = PBXFileReference; fileEncoding = 4; lastKnownFileType = sourcecode.swift; path = SKAuthApiPb.swift; sourceTree = "<group>"; };
		4FA3DD3425BA0CF000DECDDD /* SKAuthApiPbExtension.swift */ = {isa = PBXFileReference; lastKnownFileType = sourcecode.swift; path = SKAuthApiPbExtension.swift; sourceTree = "<group>"; };
		4FC97098259C8F7D003F1C84 /* SKLogger.swift */ = {isa = PBXFileReference; fileEncoding = 4; lastKnownFileType = sourcecode.swift; path = SKLogger.swift; sourceTree = "<group>"; };
		4FC97099259C8F7D003F1C84 /* SkarbSDK.swift */ = {isa = PBXFileReference; fileEncoding = 4; lastKnownFileType = sourcecode.swift; path = SkarbSDK.swift; sourceTree = "<group>"; };
		4FC9709B259C8F7D003F1C84 /* FormatterExtension.swift */ = {isa = PBXFileReference; fileEncoding = 4; lastKnownFileType = sourcecode.swift; path = FormatterExtension.swift; sourceTree = "<group>"; };
		4FC9709C259C8F7D003F1C84 /* LocaleExtension.swift */ = {isa = PBXFileReference; fileEncoding = 4; lastKnownFileType = sourcecode.swift; path = LocaleExtension.swift; sourceTree = "<group>"; };
		4FC9709D259C8F7D003F1C84 /* DateExtension.swift */ = {isa = PBXFileReference; fileEncoding = 4; lastKnownFileType = sourcecode.swift; path = DateExtension.swift; sourceTree = "<group>"; };
		4FC9709F259C8F7D003F1C84 /* SKCodableStruct.swift */ = {isa = PBXFileReference; fileEncoding = 4; lastKnownFileType = sourcecode.swift; path = SKCodableStruct.swift; sourceTree = "<group>"; };
		4FC970A0259C8F7D003F1C84 /* SKBrokerData.swift */ = {isa = PBXFileReference; fileEncoding = 4; lastKnownFileType = sourcecode.swift; path = SKBrokerData.swift; sourceTree = "<group>"; };
		4FC970A1259C8F7D003F1C84 /* SKCommandType.swift */ = {isa = PBXFileReference; fileEncoding = 4; lastKnownFileType = sourcecode.swift; path = SKCommandType.swift; sourceTree = "<group>"; };
		4FC970A2259C8F7D003F1C84 /* SKCommandStatus.swift */ = {isa = PBXFileReference; fileEncoding = 4; lastKnownFileType = sourcecode.swift; path = SKCommandStatus.swift; sourceTree = "<group>"; };
		4FC970A3259C8F7D003F1C84 /* SKPriceApiPb.swift */ = {isa = PBXFileReference; fileEncoding = 4; lastKnownFileType = sourcecode.swift; path = SKPriceApiPb.swift; sourceTree = "<group>"; };
		4FC970A4259C8F7D003F1C84 /* SKInitData.swift */ = {isa = PBXFileReference; fileEncoding = 4; lastKnownFileType = sourcecode.swift; path = SKInitData.swift; sourceTree = "<group>"; };
		4FC970A5259C8F7D003F1C84 /* SKInstallApiPb.swift */ = {isa = PBXFileReference; fileEncoding = 4; lastKnownFileType = sourcecode.swift; path = SKInstallApiPb.swift; sourceTree = "<group>"; };
		4FC970A6259C8F7D003F1C84 /* SKPurchaseData.swift */ = {isa = PBXFileReference; fileEncoding = 4; lastKnownFileType = sourcecode.swift; path = SKPurchaseData.swift; sourceTree = "<group>"; };
		4FC970A7259C8F7D003F1C84 /* SKPriceApiPbExtension.swift */ = {isa = PBXFileReference; fileEncoding = 4; lastKnownFileType = sourcecode.swift; path = SKPriceApiPbExtension.swift; sourceTree = "<group>"; };
		4FC970A8259C8F7D003F1C84 /* SKInstallApiPbExtension.swift */ = {isa = PBXFileReference; fileEncoding = 4; lastKnownFileType = sourcecode.swift; path = SKInstallApiPbExtension.swift; sourceTree = "<group>"; };
		4FC970A9259C8F7D003F1C84 /* SKPurchaseApiPbExtenstion.swift */ = {isa = PBXFileReference; fileEncoding = 4; lastKnownFileType = sourcecode.swift; path = SKPurchaseApiPbExtenstion.swift; sourceTree = "<group>"; };
		4FC970AA259C8F7D003F1C84 /* SKPurchaseApiPb.swift */ = {isa = PBXFileReference; fileEncoding = 4; lastKnownFileType = sourcecode.swift; path = SKPurchaseApiPb.swift; sourceTree = "<group>"; };
		4FC970AB259C8F7D003F1C84 /* SKBroker.swift */ = {isa = PBXFileReference; fileEncoding = 4; lastKnownFileType = sourcecode.swift; path = SKBroker.swift; sourceTree = "<group>"; };
		4FC970AC259C8F7D003F1C84 /* SKCommand.swift */ = {isa = PBXFileReference; fileEncoding = 4; lastKnownFileType = sourcecode.swift; path = SKCommand.swift; sourceTree = "<group>"; };
		4FC970AD259C8F7D003F1C84 /* SKTestData.swift */ = {isa = PBXFileReference; fileEncoding = 4; lastKnownFileType = sourcecode.swift; path = SKTestData.swift; sourceTree = "<group>"; };
		4FC970AE259C8F7D003F1C84 /* SKURLRequest.swift */ = {isa = PBXFileReference; fileEncoding = 4; lastKnownFileType = sourcecode.swift; path = SKURLRequest.swift; sourceTree = "<group>"; };
		4FC970B0259C8F7D003F1C84 /* SKServiceRegistry.swift */ = {isa = PBXFileReference; fileEncoding = 4; lastKnownFileType = sourcecode.swift; path = SKServiceRegistry.swift; sourceTree = "<group>"; };
		4FC970B2259C8F7D003F1C84 /* SKCommandStore.swift */ = {isa = PBXFileReference; fileEncoding = 4; lastKnownFileType = sourcecode.swift; path = SKCommandStore.swift; sourceTree = "<group>"; };
		4FC970B4259C8F7D003F1C84 /* SKStoreKitServiceImplementation.swift */ = {isa = PBXFileReference; fileEncoding = 4; lastKnownFileType = sourcecode.swift; path = SKStoreKitServiceImplementation.swift; sourceTree = "<group>"; };
		4FC970B5259C8F7D003F1C84 /* SKStoreKitService.swift */ = {isa = PBXFileReference; fileEncoding = 4; lastKnownFileType = sourcecode.swift; path = SKStoreKitService.swift; sourceTree = "<group>"; };
		4FC970B7259C8F7D003F1C84 /* SKMigrationService.swift */ = {isa = PBXFileReference; fileEncoding = 4; lastKnownFileType = sourcecode.swift; path = SKMigrationService.swift; sourceTree = "<group>"; };
		4FC970B9259C8F7D003F1C84 /* SKPriceApiGrpc.swift */ = {isa = PBXFileReference; fileEncoding = 4; lastKnownFileType = sourcecode.swift; path = SKPriceApiGrpc.swift; sourceTree = "<group>"; };
		4FC970BA259C8F7D003F1C84 /* SKServerAPI.swift */ = {isa = PBXFileReference; fileEncoding = 4; lastKnownFileType = sourcecode.swift; path = SKServerAPI.swift; sourceTree = "<group>"; };
		4FC970BB259C8F7D003F1C84 /* SKPurchaseApiGrpc.swift */ = {isa = PBXFileReference; fileEncoding = 4; lastKnownFileType = sourcecode.swift; path = SKPurchaseApiGrpc.swift; sourceTree = "<group>"; };
		4FC970BD259C8F7D003F1C84 /* SKResponseError.swift */ = {isa = PBXFileReference; fileEncoding = 4; lastKnownFileType = sourcecode.swift; path = SKResponseError.swift; sourceTree = "<group>"; };
		4FC970BE259C8F7D003F1C84 /* SKServerAPIImplementaton.swift */ = {isa = PBXFileReference; fileEncoding = 4; lastKnownFileType = sourcecode.swift; path = SKServerAPIImplementaton.swift; sourceTree = "<group>"; };
		4FC970BF259C8F7D003F1C84 /* SKInstallApiGrpc.swift */ = {isa = PBXFileReference; fileEncoding = 4; lastKnownFileType = sourcecode.swift; path = SKInstallApiGrpc.swift; sourceTree = "<group>"; };
		4FC970C1259C8F7D003F1C84 /* SKSyncServiceImplementation.swift */ = {isa = PBXFileReference; fileEncoding = 4; lastKnownFileType = sourcecode.swift; path = SKSyncServiceImplementation.swift; sourceTree = "<group>"; };
		4FC970C2259C8F7D003F1C84 /* SKSyncService.swift */ = {isa = PBXFileReference; fileEncoding = 4; lastKnownFileType = sourcecode.swift; path = SKSyncService.swift; sourceTree = "<group>"; };
		4FC970C4259C8F7D003F1C84 /* SKUserDefaultsService.swift */ = {isa = PBXFileReference; fileEncoding = 4; lastKnownFileType = sourcecode.swift; path = SKUserDefaultsService.swift; sourceTree = "<group>"; };
		5313EE38F51E3FA1305834B1 /* Pods_SkarbSDKExample.framework */ = {isa = PBXFileReference; explicitFileType = wrapper.framework; includeInIndex = 0; path = Pods_SkarbSDKExample.framework; sourceTree = BUILT_PRODUCTS_DIR; };
		5DF303FD11171F762CC3F8D0 /* Pods-SkarbSDKExample.debug.xcconfig */ = {isa = PBXFileReference; includeInIndex = 1; lastKnownFileType = text.xcconfig; name = "Pods-SkarbSDKExample.debug.xcconfig"; path = "Target Support Files/Pods-SkarbSDKExample/Pods-SkarbSDKExample.debug.xcconfig"; sourceTree = "<group>"; };
		E28BEF55D1AAAAC247DEE6DA /* Pods-SkarbSDKExample.release.xcconfig */ = {isa = PBXFileReference; includeInIndex = 1; lastKnownFileType = text.xcconfig; name = "Pods-SkarbSDKExample.release.xcconfig"; path = "Target Support Files/Pods-SkarbSDKExample/Pods-SkarbSDKExample.release.xcconfig"; sourceTree = "<group>"; };
/* End PBXFileReference section */

/* Begin PBXFrameworksBuildPhase section */
		4F735BD823D7279400A8A537 /* Frameworks */ = {
			isa = PBXFrameworksBuildPhase;
			buildActionMask = 2147483647;
			files = (
				97F5B54E4D9C915F1F0408A7 /* Pods_SkarbSDKExample.framework in Frameworks */,
			);
			runOnlyForDeploymentPostprocessing = 0;
		};
		4FA3DD1B25B998EB00DECDDD /* Frameworks */ = {
			isa = PBXFrameworksBuildPhase;
			buildActionMask = 2147483647;
			files = (
			);
			runOnlyForDeploymentPostprocessing = 0;
		};
/* End PBXFrameworksBuildPhase section */

/* Begin PBXGroup section */
		4F735BD223D7279400A8A537 = {
			isa = PBXGroup;
			children = (
				4F735BDD23D7279400A8A537 /* SkarbSDKExample */,
				4FA3DD1F25B998EB00DECDDD /* SkarbSDKExampleTests */,
				4F735BDC23D7279400A8A537 /* Products */,
				FC45110F7E7B54E25BDAC0F9 /* Pods */,
				6018733A755B6D07782FA9FA /* Frameworks */,
			);
			sourceTree = "<group>";
		};
		4F735BDC23D7279400A8A537 /* Products */ = {
			isa = PBXGroup;
			children = (
				4F735BDB23D7279400A8A537 /* SkarbSDKExample.app */,
				4FA3DD1E25B998EB00DECDDD /* SkarbSDKExampleTests.xctest */,
			);
			name = Products;
			sourceTree = "<group>";
		};
		4F735BDD23D7279400A8A537 /* SkarbSDKExample */ = {
			isa = PBXGroup;
			children = (
				4FC97095259C8F7D003F1C84 /* SkarbSDK */,
				4F735BDE23D7279400A8A537 /* AppDelegate.swift */,
				4F735BE023D7279400A8A537 /* SceneDelegate.swift */,
				4F735BE223D7279400A8A537 /* ViewController.swift */,
				4F735BE423D7279400A8A537 /* Main.storyboard */,
				4F735BE723D7279500A8A537 /* Assets.xcassets */,
				4F735BE923D7279500A8A537 /* LaunchScreen.storyboard */,
				4F735BEC23D7279500A8A537 /* Info.plist */,
			);
			path = SkarbSDKExample;
			sourceTree = "<group>";
		};
		4FA3DD1F25B998EB00DECDDD /* SkarbSDKExampleTests */ = {
			isa = PBXGroup;
			children = (
				4FA3DD2025B998EB00DECDDD /* SkarbSDKTests.swift */,
				4FA3DD2225B998EB00DECDDD /* Info.plist */,
			);
			path = SkarbSDKExampleTests;
			sourceTree = "<group>";
		};
		4FC97095259C8F7D003F1C84 /* SkarbSDK */ = {
			isa = PBXGroup;
			children = (
				4FC97096259C8F7D003F1C84 /* Classes */,
			);
			name = SkarbSDK;
			path = ../../../SkarbSDK;
			sourceTree = "<group>";
		};
		4FC97096259C8F7D003F1C84 /* Classes */ = {
			isa = PBXGroup;
			children = (
				4FC97097259C8F7D003F1C84 /* Util */,
				4FC97099259C8F7D003F1C84 /* SkarbSDK.swift */,
				4FC9709A259C8F7D003F1C84 /* Extensions */,
				4FC9709E259C8F7D003F1C84 /* Model */,
				4FC970AF259C8F7D003F1C84 /* Services */,
			);
			path = Classes;
			sourceTree = "<group>";
		};
		4FC97097259C8F7D003F1C84 /* Util */ = {
			isa = PBXGroup;
			children = (
				4FC97098259C8F7D003F1C84 /* SKLogger.swift */,
			);
			path = Util;
			sourceTree = "<group>";
		};
		4FC9709A259C8F7D003F1C84 /* Extensions */ = {
			isa = PBXGroup;
			children = (
				4FC9709B259C8F7D003F1C84 /* FormatterExtension.swift */,
				4FC9709C259C8F7D003F1C84 /* LocaleExtension.swift */,
				4FC9709D259C8F7D003F1C84 /* DateExtension.swift */,
			);
			path = Extensions;
			sourceTree = "<group>";
		};
		4FC9709E259C8F7D003F1C84 /* Model */ = {
			isa = PBXGroup;
			children = (
				4FC9709F259C8F7D003F1C84 /* SKCodableStruct.swift */,
				4FC970A0259C8F7D003F1C84 /* SKBrokerData.swift */,
				4FC970A1259C8F7D003F1C84 /* SKCommandType.swift */,
				4FC970A2259C8F7D003F1C84 /* SKCommandStatus.swift */,
				4FC970A4259C8F7D003F1C84 /* SKInitData.swift */,
				4FA3DD2C25BA0CAF00DECDDD /* SKAuthApiPb.swift */,
				4FC970A5259C8F7D003F1C84 /* SKInstallApiPb.swift */,
				4FC970A3259C8F7D003F1C84 /* SKPriceApiPb.swift */,
				4FC970AA259C8F7D003F1C84 /* SKPurchaseApiPb.swift */,
				4FA3DD3425BA0CF000DECDDD /* SKAuthApiPbExtension.swift */,
				4FC970A7259C8F7D003F1C84 /* SKPriceApiPbExtension.swift */,
				4FC970A8259C8F7D003F1C84 /* SKInstallApiPbExtension.swift */,
				4FC970A9259C8F7D003F1C84 /* SKPurchaseApiPbExtenstion.swift */,
				4FC970A6259C8F7D003F1C84 /* SKPurchaseData.swift */,
				4FC970AB259C8F7D003F1C84 /* SKBroker.swift */,
				4FC970AC259C8F7D003F1C84 /* SKCommand.swift */,
				4FC970AD259C8F7D003F1C84 /* SKTestData.swift */,
				4FC970AE259C8F7D003F1C84 /* SKURLRequest.swift */,
				4FA3DBD125B5A18B00DECDDD /* SKFetchProduct.swift */,
			);
			path = Model;
			sourceTree = "<group>";
		};
		4FC970AF259C8F7D003F1C84 /* Services */ = {
			isa = PBXGroup;
			children = (
				4FC970B0259C8F7D003F1C84 /* SKServiceRegistry.swift */,
				4FC970B1259C8F7D003F1C84 /* SKCommandStore */,
				4FC970B3259C8F7D003F1C84 /* SKStoreKitService */,
				4FC970B6259C8F7D003F1C84 /* SKMigrationService */,
				4FC970B8259C8F7D003F1C84 /* SKServerService */,
				4FC970C0259C8F7D003F1C84 /* SKSyncService */,
				4FC970C3259C8F7D003F1C84 /* SKUserDefaultsService */,
			);
			path = Services;
			sourceTree = "<group>";
		};
		4FC970B1259C8F7D003F1C84 /* SKCommandStore */ = {
			isa = PBXGroup;
			children = (
				4FC970B2259C8F7D003F1C84 /* SKCommandStore.swift */,
			);
			path = SKCommandStore;
			sourceTree = "<group>";
		};
		4FC970B3259C8F7D003F1C84 /* SKStoreKitService */ = {
			isa = PBXGroup;
			children = (
				4FC970B4259C8F7D003F1C84 /* SKStoreKitServiceImplementation.swift */,
				4FC970B5259C8F7D003F1C84 /* SKStoreKitService.swift */,
			);
			path = SKStoreKitService;
			sourceTree = "<group>";
		};
		4FC970B6259C8F7D003F1C84 /* SKMigrationService */ = {
			isa = PBXGroup;
			children = (
				4FC970B7259C8F7D003F1C84 /* SKMigrationService.swift */,
			);
			path = SKMigrationService;
			sourceTree = "<group>";
		};
		4FC970B8259C8F7D003F1C84 /* SKServerService */ = {
			isa = PBXGroup;
			children = (
				4FC970B9259C8F7D003F1C84 /* SKPriceApiGrpc.swift */,
				4FC970BA259C8F7D003F1C84 /* SKServerAPI.swift */,
				4FC970BB259C8F7D003F1C84 /* SKPurchaseApiGrpc.swift */,
				4FC970BC259C8F7D003F1C84 /* Implementation */,
				4FC970BF259C8F7D003F1C84 /* SKInstallApiGrpc.swift */,
			);
			path = SKServerService;
			sourceTree = "<group>";
		};
		4FC970BC259C8F7D003F1C84 /* Implementation */ = {
			isa = PBXGroup;
			children = (
				4FC970BD259C8F7D003F1C84 /* SKResponseError.swift */,
				4FC970BE259C8F7D003F1C84 /* SKServerAPIImplementaton.swift */,
			);
			path = Implementation;
			sourceTree = "<group>";
		};
		4FC970C0259C8F7D003F1C84 /* SKSyncService */ = {
			isa = PBXGroup;
			children = (
				4FC970C1259C8F7D003F1C84 /* SKSyncServiceImplementation.swift */,
				4FC970C2259C8F7D003F1C84 /* SKSyncService.swift */,
			);
			path = SKSyncService;
			sourceTree = "<group>";
		};
		4FC970C3259C8F7D003F1C84 /* SKUserDefaultsService */ = {
			isa = PBXGroup;
			children = (
				4FC970C4259C8F7D003F1C84 /* SKUserDefaultsService.swift */,
			);
			path = SKUserDefaultsService;
			sourceTree = "<group>";
		};
		6018733A755B6D07782FA9FA /* Frameworks */ = {
			isa = PBXGroup;
			children = (
				5313EE38F51E3FA1305834B1 /* Pods_SkarbSDKExample.framework */,
			);
			name = Frameworks;
			sourceTree = "<group>";
		};
		FC45110F7E7B54E25BDAC0F9 /* Pods */ = {
			isa = PBXGroup;
			children = (
				5DF303FD11171F762CC3F8D0 /* Pods-SkarbSDKExample.debug.xcconfig */,
				E28BEF55D1AAAAC247DEE6DA /* Pods-SkarbSDKExample.release.xcconfig */,
			);
			path = Pods;
			sourceTree = "<group>";
		};
/* End PBXGroup section */

/* Begin PBXNativeTarget section */
		4F735BDA23D7279400A8A537 /* SkarbSDKExample */ = {
			isa = PBXNativeTarget;
			buildConfigurationList = 4F735BEF23D7279500A8A537 /* Build configuration list for PBXNativeTarget "SkarbSDKExample" */;
			buildPhases = (
				0C033FE18FE8E56C210DFB59 /* [CP] Check Pods Manifest.lock */,
				4F735BD723D7279400A8A537 /* Sources */,
				4F735BD823D7279400A8A537 /* Frameworks */,
				4F735BD923D7279400A8A537 /* Resources */,
				59601D2FBDC846DB9F47EC04 /* [CP] Embed Pods Frameworks */,
			);
			buildRules = (
			);
			dependencies = (
			);
			name = SkarbSDKExample;
			productName = SkarbSDKExample;
			productReference = 4F735BDB23D7279400A8A537 /* SkarbSDKExample.app */;
			productType = "com.apple.product-type.application";
		};
		4FA3DD1D25B998EB00DECDDD /* SkarbSDKExampleTests */ = {
			isa = PBXNativeTarget;
			buildConfigurationList = 4FA3DD2525B998EB00DECDDD /* Build configuration list for PBXNativeTarget "SkarbSDKExampleTests" */;
			buildPhases = (
				4FA3DD1A25B998EB00DECDDD /* Sources */,
				4FA3DD1B25B998EB00DECDDD /* Frameworks */,
				4FA3DD1C25B998EB00DECDDD /* Resources */,
			);
			buildRules = (
			);
			dependencies = (
				4FA3DD2425B998EB00DECDDD /* PBXTargetDependency */,
			);
			name = SkarbSDKExampleTests;
			productName = SkarbSDKExampleTests;
			productReference = 4FA3DD1E25B998EB00DECDDD /* SkarbSDKExampleTests.xctest */;
			productType = "com.apple.product-type.bundle.unit-test";
		};
/* End PBXNativeTarget section */

/* Begin PBXProject section */
		4F735BD323D7279400A8A537 /* Project object */ = {
			isa = PBXProject;
			attributes = {
				LastSwiftUpdateCheck = 1220;
				LastUpgradeCheck = 1130;
				ORGANIZATIONNAME = Prodinfire;
				TargetAttributes = {
					4F735BDA23D7279400A8A537 = {
						CreatedOnToolsVersion = 11.3;
					};
					4FA3DD1D25B998EB00DECDDD = {
						CreatedOnToolsVersion = 12.2;
						TestTargetID = 4F735BDA23D7279400A8A537;
					};
				};
			};
			buildConfigurationList = 4F735BD623D7279400A8A537 /* Build configuration list for PBXProject "SkarbSDKExample" */;
			compatibilityVersion = "Xcode 9.3";
			developmentRegion = en;
			hasScannedForEncodings = 0;
			knownRegions = (
				en,
				Base,
			);
			mainGroup = 4F735BD223D7279400A8A537;
			productRefGroup = 4F735BDC23D7279400A8A537 /* Products */;
			projectDirPath = "";
			projectRoot = "";
			targets = (
				4F735BDA23D7279400A8A537 /* SkarbSDKExample */,
				4FA3DD1D25B998EB00DECDDD /* SkarbSDKExampleTests */,
			);
		};
/* End PBXProject section */

/* Begin PBXResourcesBuildPhase section */
		4F735BD923D7279400A8A537 /* Resources */ = {
			isa = PBXResourcesBuildPhase;
			buildActionMask = 2147483647;
			files = (
				4F735BEB23D7279500A8A537 /* LaunchScreen.storyboard in Resources */,
				4F735BE823D7279500A8A537 /* Assets.xcassets in Resources */,
				4F735BE623D7279400A8A537 /* Main.storyboard in Resources */,
			);
			runOnlyForDeploymentPostprocessing = 0;
		};
		4FA3DD1C25B998EB00DECDDD /* Resources */ = {
			isa = PBXResourcesBuildPhase;
			buildActionMask = 2147483647;
			files = (
			);
			runOnlyForDeploymentPostprocessing = 0;
		};
/* End PBXResourcesBuildPhase section */

/* Begin PBXShellScriptBuildPhase section */
		0C033FE18FE8E56C210DFB59 /* [CP] Check Pods Manifest.lock */ = {
			isa = PBXShellScriptBuildPhase;
			buildActionMask = 2147483647;
			files = (
			);
			inputFileListPaths = (
			);
			inputPaths = (
				"${PODS_PODFILE_DIR_PATH}/Podfile.lock",
				"${PODS_ROOT}/Manifest.lock",
			);
			name = "[CP] Check Pods Manifest.lock";
			outputFileListPaths = (
			);
			outputPaths = (
				"$(DERIVED_FILE_DIR)/Pods-SkarbSDKExample-checkManifestLockResult.txt",
			);
			runOnlyForDeploymentPostprocessing = 0;
			shellPath = /bin/sh;
			shellScript = "diff \"${PODS_PODFILE_DIR_PATH}/Podfile.lock\" \"${PODS_ROOT}/Manifest.lock\" > /dev/null\nif [ $? != 0 ] ; then\n    # print error to STDERR\n    echo \"error: The sandbox is not in sync with the Podfile.lock. Run 'pod install' or update your CocoaPods installation.\" >&2\n    exit 1\nfi\n# This output is used by Xcode 'outputs' to avoid re-running this script phase.\necho \"SUCCESS\" > \"${SCRIPT_OUTPUT_FILE_0}\"\n";
			showEnvVarsInLog = 0;
		};
		59601D2FBDC846DB9F47EC04 /* [CP] Embed Pods Frameworks */ = {
			isa = PBXShellScriptBuildPhase;
			buildActionMask = 2147483647;
			files = (
			);
			inputFileListPaths = (
				"${PODS_ROOT}/Target Support Files/Pods-SkarbSDKExample/Pods-SkarbSDKExample-frameworks-${CONFIGURATION}-input-files.xcfilelist",
			);
			name = "[CP] Embed Pods Frameworks";
			outputFileListPaths = (
				"${PODS_ROOT}/Target Support Files/Pods-SkarbSDKExample/Pods-SkarbSDKExample-frameworks-${CONFIGURATION}-output-files.xcfilelist",
			);
			runOnlyForDeploymentPostprocessing = 0;
			shellPath = /bin/sh;
			shellScript = "\"${PODS_ROOT}/Target Support Files/Pods-SkarbSDKExample/Pods-SkarbSDKExample-frameworks.sh\"\n";
			showEnvVarsInLog = 0;
		};
/* End PBXShellScriptBuildPhase section */

/* Begin PBXSourcesBuildPhase section */
		4F735BD723D7279400A8A537 /* Sources */ = {
			isa = PBXSourcesBuildPhase;
			buildActionMask = 2147483647;
			files = (
				4FC970C8259C8F7D003F1C84 /* LocaleExtension.swift in Sources */,
				4FC970C9259C8F7D003F1C84 /* DateExtension.swift in Sources */,
				4FC970D1259C8F7E003F1C84 /* SKPurchaseData.swift in Sources */,
				4FC970CC259C8F7D003F1C84 /* SKCommandType.swift in Sources */,
				4FC970CE259C8F7D003F1C84 /* SKPriceApiPb.swift in Sources */,
				4F735BE323D7279400A8A537 /* ViewController.swift in Sources */,
				4FC970E0259C8F7E003F1C84 /* SKServerAPI.swift in Sources */,
				4FC970D4259C8F7E003F1C84 /* SKPurchaseApiPbExtenstion.swift in Sources */,
				4FA3DD2D25BA0CB000DECDDD /* SKAuthApiPb.swift in Sources */,
				4FC970CF259C8F7D003F1C84 /* SKInitData.swift in Sources */,
				4FC970D2259C8F7E003F1C84 /* SKPriceApiPbExtension.swift in Sources */,
				4FC970D7259C8F7E003F1C84 /* SKCommand.swift in Sources */,
				4FC970D5259C8F7E003F1C84 /* SKPurchaseApiPb.swift in Sources */,
				4FC970E2259C8F7E003F1C84 /* SKResponseError.swift in Sources */,
				4F735BDF23D7279400A8A537 /* AppDelegate.swift in Sources */,
				4FC970DF259C8F7E003F1C84 /* SKPriceApiGrpc.swift in Sources */,
				4FC970CD259C8F7D003F1C84 /* SKCommandStatus.swift in Sources */,
				4FC970CB259C8F7D003F1C84 /* SKBrokerData.swift in Sources */,
				4FC970E6259C8F7E003F1C84 /* SKSyncService.swift in Sources */,
				4FC970E7259C8F7E003F1C84 /* SKUserDefaultsService.swift in Sources */,
				4FC970C7259C8F7D003F1C84 /* FormatterExtension.swift in Sources */,
				4FC970E5259C8F7E003F1C84 /* SKSyncServiceImplementation.swift in Sources */,
				4FC970E1259C8F7E003F1C84 /* SKPurchaseApiGrpc.swift in Sources */,
				4FC970D3259C8F7E003F1C84 /* SKInstallApiPbExtension.swift in Sources */,
				4FC970C6259C8F7D003F1C84 /* SkarbSDK.swift in Sources */,
				4FC970CA259C8F7D003F1C84 /* SKCodableStruct.swift in Sources */,
				4FC970DD259C8F7E003F1C84 /* SKStoreKitService.swift in Sources */,
				4FC970D0259C8F7E003F1C84 /* SKInstallApiPb.swift in Sources */,
				4FC970E4259C8F7E003F1C84 /* SKInstallApiGrpc.swift in Sources */,
				4F735BE123D7279400A8A537 /* SceneDelegate.swift in Sources */,
				4FC970E3259C8F7E003F1C84 /* SKServerAPIImplementaton.swift in Sources */,
				4FC970C5259C8F7D003F1C84 /* SKLogger.swift in Sources */,
				4FA3DD3525BA0CF000DECDDD /* SKAuthApiPbExtension.swift in Sources */,
				4FC970D6259C8F7E003F1C84 /* SKBroker.swift in Sources */,
				4FC970D8259C8F7E003F1C84 /* SKTestData.swift in Sources */,
				4FC970DA259C8F7E003F1C84 /* SKServiceRegistry.swift in Sources */,
				4FC970DE259C8F7E003F1C84 /* SKMigrationService.swift in Sources */,
				4FC970D9259C8F7E003F1C84 /* SKURLRequest.swift in Sources */,
				4FA3DBD225B5A18B00DECDDD /* SKFetchProduct.swift in Sources */,
				4FC970DC259C8F7E003F1C84 /* SKStoreKitServiceImplementation.swift in Sources */,
				4FC970DB259C8F7E003F1C84 /* SKCommandStore.swift in Sources */,
			);
			runOnlyForDeploymentPostprocessing = 0;
		};
		4FA3DD1A25B998EB00DECDDD /* Sources */ = {
			isa = PBXSourcesBuildPhase;
			buildActionMask = 2147483647;
			files = (
				4FA3DD2125B998EB00DECDDD /* SkarbSDKTests.swift in Sources */,
			);
			runOnlyForDeploymentPostprocessing = 0;
		};
/* End PBXSourcesBuildPhase section */

/* Begin PBXTargetDependency section */
		4FA3DD2425B998EB00DECDDD /* PBXTargetDependency */ = {
			isa = PBXTargetDependency;
			target = 4F735BDA23D7279400A8A537 /* SkarbSDKExample */;
			targetProxy = 4FA3DD2325B998EB00DECDDD /* PBXContainerItemProxy */;
		};
/* End PBXTargetDependency section */

/* Begin PBXVariantGroup section */
		4F735BE423D7279400A8A537 /* Main.storyboard */ = {
			isa = PBXVariantGroup;
			children = (
				4F735BE523D7279400A8A537 /* Base */,
			);
			name = Main.storyboard;
			sourceTree = "<group>";
		};
		4F735BE923D7279500A8A537 /* LaunchScreen.storyboard */ = {
			isa = PBXVariantGroup;
			children = (
				4F735BEA23D7279500A8A537 /* Base */,
			);
			name = LaunchScreen.storyboard;
			sourceTree = "<group>";
		};
/* End PBXVariantGroup section */

/* Begin XCBuildConfiguration section */
		4F735BED23D7279500A8A537 /* Debug */ = {
			isa = XCBuildConfiguration;
			buildSettings = {
				ALWAYS_SEARCH_USER_PATHS = NO;
				CLANG_ANALYZER_NONNULL = YES;
				CLANG_ANALYZER_NUMBER_OBJECT_CONVERSION = YES_AGGRESSIVE;
				CLANG_CXX_LANGUAGE_STANDARD = "gnu++14";
				CLANG_CXX_LIBRARY = "libc++";
				CLANG_ENABLE_MODULES = YES;
				CLANG_ENABLE_OBJC_ARC = YES;
				CLANG_ENABLE_OBJC_WEAK = YES;
				CLANG_WARN_BLOCK_CAPTURE_AUTORELEASING = YES;
				CLANG_WARN_BOOL_CONVERSION = YES;
				CLANG_WARN_COMMA = YES;
				CLANG_WARN_CONSTANT_CONVERSION = YES;
				CLANG_WARN_DEPRECATED_OBJC_IMPLEMENTATIONS = YES;
				CLANG_WARN_DIRECT_OBJC_ISA_USAGE = YES_ERROR;
				CLANG_WARN_DOCUMENTATION_COMMENTS = YES;
				CLANG_WARN_EMPTY_BODY = YES;
				CLANG_WARN_ENUM_CONVERSION = YES;
				CLANG_WARN_INFINITE_RECURSION = YES;
				CLANG_WARN_INT_CONVERSION = YES;
				CLANG_WARN_NON_LITERAL_NULL_CONVERSION = YES;
				CLANG_WARN_OBJC_IMPLICIT_RETAIN_SELF = YES;
				CLANG_WARN_OBJC_LITERAL_CONVERSION = YES;
				CLANG_WARN_OBJC_ROOT_CLASS = YES_ERROR;
				CLANG_WARN_RANGE_LOOP_ANALYSIS = YES;
				CLANG_WARN_STRICT_PROTOTYPES = YES;
				CLANG_WARN_SUSPICIOUS_MOVE = YES;
				CLANG_WARN_UNGUARDED_AVAILABILITY = YES_AGGRESSIVE;
				CLANG_WARN_UNREACHABLE_CODE = YES;
				CLANG_WARN__DUPLICATE_METHOD_MATCH = YES;
				COPY_PHASE_STRIP = NO;
				DEBUG_INFORMATION_FORMAT = dwarf;
				ENABLE_STRICT_OBJC_MSGSEND = YES;
				ENABLE_TESTABILITY = YES;
				GCC_C_LANGUAGE_STANDARD = gnu11;
				GCC_DYNAMIC_NO_PIC = NO;
				GCC_NO_COMMON_BLOCKS = YES;
				GCC_OPTIMIZATION_LEVEL = 0;
				GCC_PREPROCESSOR_DEFINITIONS = (
					"DEBUG=1",
					"$(inherited)",
				);
				GCC_WARN_64_TO_32_BIT_CONVERSION = YES;
				GCC_WARN_ABOUT_RETURN_TYPE = YES_ERROR;
				GCC_WARN_UNDECLARED_SELECTOR = YES;
				GCC_WARN_UNINITIALIZED_AUTOS = YES_AGGRESSIVE;
				GCC_WARN_UNUSED_FUNCTION = YES;
				GCC_WARN_UNUSED_VARIABLE = YES;
				IPHONEOS_DEPLOYMENT_TARGET = 13.0;
				MTL_ENABLE_DEBUG_INFO = INCLUDE_SOURCE;
				MTL_FAST_MATH = YES;
				ONLY_ACTIVE_ARCH = YES;
				SDKROOT = iphoneos;
				SWIFT_ACTIVE_COMPILATION_CONDITIONS = DEBUG;
				SWIFT_OPTIMIZATION_LEVEL = "-Onone";
			};
			name = Debug;
		};
		4F735BEE23D7279500A8A537 /* Release */ = {
			isa = XCBuildConfiguration;
			buildSettings = {
				ALWAYS_SEARCH_USER_PATHS = NO;
				CLANG_ANALYZER_NONNULL = YES;
				CLANG_ANALYZER_NUMBER_OBJECT_CONVERSION = YES_AGGRESSIVE;
				CLANG_CXX_LANGUAGE_STANDARD = "gnu++14";
				CLANG_CXX_LIBRARY = "libc++";
				CLANG_ENABLE_MODULES = YES;
				CLANG_ENABLE_OBJC_ARC = YES;
				CLANG_ENABLE_OBJC_WEAK = YES;
				CLANG_WARN_BLOCK_CAPTURE_AUTORELEASING = YES;
				CLANG_WARN_BOOL_CONVERSION = YES;
				CLANG_WARN_COMMA = YES;
				CLANG_WARN_CONSTANT_CONVERSION = YES;
				CLANG_WARN_DEPRECATED_OBJC_IMPLEMENTATIONS = YES;
				CLANG_WARN_DIRECT_OBJC_ISA_USAGE = YES_ERROR;
				CLANG_WARN_DOCUMENTATION_COMMENTS = YES;
				CLANG_WARN_EMPTY_BODY = YES;
				CLANG_WARN_ENUM_CONVERSION = YES;
				CLANG_WARN_INFINITE_RECURSION = YES;
				CLANG_WARN_INT_CONVERSION = YES;
				CLANG_WARN_NON_LITERAL_NULL_CONVERSION = YES;
				CLANG_WARN_OBJC_IMPLICIT_RETAIN_SELF = YES;
				CLANG_WARN_OBJC_LITERAL_CONVERSION = YES;
				CLANG_WARN_OBJC_ROOT_CLASS = YES_ERROR;
				CLANG_WARN_RANGE_LOOP_ANALYSIS = YES;
				CLANG_WARN_STRICT_PROTOTYPES = YES;
				CLANG_WARN_SUSPICIOUS_MOVE = YES;
				CLANG_WARN_UNGUARDED_AVAILABILITY = YES_AGGRESSIVE;
				CLANG_WARN_UNREACHABLE_CODE = YES;
				CLANG_WARN__DUPLICATE_METHOD_MATCH = YES;
				COPY_PHASE_STRIP = NO;
				DEBUG_INFORMATION_FORMAT = "dwarf-with-dsym";
				ENABLE_NS_ASSERTIONS = NO;
				ENABLE_STRICT_OBJC_MSGSEND = YES;
				GCC_C_LANGUAGE_STANDARD = gnu11;
				GCC_NO_COMMON_BLOCKS = YES;
				GCC_WARN_64_TO_32_BIT_CONVERSION = YES;
				GCC_WARN_ABOUT_RETURN_TYPE = YES_ERROR;
				GCC_WARN_UNDECLARED_SELECTOR = YES;
				GCC_WARN_UNINITIALIZED_AUTOS = YES_AGGRESSIVE;
				GCC_WARN_UNUSED_FUNCTION = YES;
				GCC_WARN_UNUSED_VARIABLE = YES;
				IPHONEOS_DEPLOYMENT_TARGET = 13.0;
				MTL_ENABLE_DEBUG_INFO = NO;
				MTL_FAST_MATH = YES;
				SDKROOT = iphoneos;
				SWIFT_COMPILATION_MODE = wholemodule;
				SWIFT_OPTIMIZATION_LEVEL = "-O";
				VALIDATE_PRODUCT = YES;
			};
			name = Release;
		};
		4F735BF023D7279500A8A537 /* Debug */ = {
			isa = XCBuildConfiguration;
			baseConfigurationReference = 5DF303FD11171F762CC3F8D0 /* Pods-SkarbSDKExample.debug.xcconfig */;
			buildSettings = {
				ASSETCATALOG_COMPILER_APPICON_NAME = AppIcon;
				CODE_SIGN_STYLE = Automatic;
				DEVELOPMENT_TEAM = 9W667Q75FZ;
				INFOPLIST_FILE = SkarbSDKExample/Info.plist;
				LD_RUNPATH_SEARCH_PATHS = (
					"$(inherited)",
					"@executable_path/Frameworks",
				);
				MARKETING_VERSION = 0.1;
				PRODUCT_BUNDLE_IDENTIFIER = com.bitlica.SkarbSDKExample;
				PRODUCT_NAME = "$(TARGET_NAME)";
				SWIFT_VERSION = 5.0;
				TARGETED_DEVICE_FAMILY = "1,2";
			};
			name = Debug;
		};
		4F735BF123D7279500A8A537 /* Release */ = {
			isa = XCBuildConfiguration;
			baseConfigurationReference = E28BEF55D1AAAAC247DEE6DA /* Pods-SkarbSDKExample.release.xcconfig */;
			buildSettings = {
				ASSETCATALOG_COMPILER_APPICON_NAME = AppIcon;
				CODE_SIGN_STYLE = Automatic;
				DEVELOPMENT_TEAM = 9W667Q75FZ;
				INFOPLIST_FILE = SkarbSDKExample/Info.plist;
				LD_RUNPATH_SEARCH_PATHS = (
					"$(inherited)",
					"@executable_path/Frameworks",
				);
				MARKETING_VERSION = 0.1;
				PRODUCT_BUNDLE_IDENTIFIER = com.bitlica.SkarbSDKExample;
				PRODUCT_NAME = "$(TARGET_NAME)";
				SWIFT_VERSION = 5.0;
				TARGETED_DEVICE_FAMILY = "1,2";
			};
			name = Release;
		};
		4FA3DD2625B998EB00DECDDD /* Debug */ = {
			isa = XCBuildConfiguration;
			buildSettings = {
				BUNDLE_LOADER = "$(TEST_HOST)";
				CLANG_WARN_QUOTED_INCLUDE_IN_FRAMEWORK_HEADER = YES;
				CODE_SIGN_STYLE = Automatic;
				INFOPLIST_FILE = SkarbSDKExampleTests/Info.plist;
				IPHONEOS_DEPLOYMENT_TARGET = 14.2;
				LD_RUNPATH_SEARCH_PATHS = (
					"$(inherited)",
					"@executable_path/Frameworks",
					"@loader_path/Frameworks",
				);
				PRODUCT_BUNDLE_IDENTIFIER = com.bitlica.SkarbSDKExampleTests;
				PRODUCT_NAME = "$(TARGET_NAME)";
				SWIFT_VERSION = 5.0;
				TARGETED_DEVICE_FAMILY = "1,2";
				TEST_HOST = "$(BUILT_PRODUCTS_DIR)/SkarbSDKExample.app/SkarbSDKExample";
			};
			name = Debug;
		};
		4FA3DD2725B998EB00DECDDD /* Release */ = {
			isa = XCBuildConfiguration;
			buildSettings = {
				BUNDLE_LOADER = "$(TEST_HOST)";
				CLANG_WARN_QUOTED_INCLUDE_IN_FRAMEWORK_HEADER = YES;
				CODE_SIGN_STYLE = Automatic;
				INFOPLIST_FILE = SkarbSDKExampleTests/Info.plist;
				IPHONEOS_DEPLOYMENT_TARGET = 14.2;
				LD_RUNPATH_SEARCH_PATHS = (
					"$(inherited)",
					"@executable_path/Frameworks",
					"@loader_path/Frameworks",
				);
				PRODUCT_BUNDLE_IDENTIFIER = com.bitlica.SkarbSDKExampleTests;
				PRODUCT_NAME = "$(TARGET_NAME)";
				SWIFT_VERSION = 5.0;
				TARGETED_DEVICE_FAMILY = "1,2";
				TEST_HOST = "$(BUILT_PRODUCTS_DIR)/SkarbSDKExample.app/SkarbSDKExample";
			};
			name = Release;
		};
/* End XCBuildConfiguration section */

/* Begin XCConfigurationList section */
		4F735BD623D7279400A8A537 /* Build configuration list for PBXProject "SkarbSDKExample" */ = {
			isa = XCConfigurationList;
			buildConfigurations = (
				4F735BED23D7279500A8A537 /* Debug */,
				4F735BEE23D7279500A8A537 /* Release */,
			);
			defaultConfigurationIsVisible = 0;
			defaultConfigurationName = Release;
		};
		4F735BEF23D7279500A8A537 /* Build configuration list for PBXNativeTarget "SkarbSDKExample" */ = {
			isa = XCConfigurationList;
			buildConfigurations = (
				4F735BF023D7279500A8A537 /* Debug */,
				4F735BF123D7279500A8A537 /* Release */,
			);
			defaultConfigurationIsVisible = 0;
			defaultConfigurationName = Release;
		};
		4FA3DD2525B998EB00DECDDD /* Build configuration list for PBXNativeTarget "SkarbSDKExampleTests" */ = {
			isa = XCConfigurationList;
			buildConfigurations = (
				4FA3DD2625B998EB00DECDDD /* Debug */,
				4FA3DD2725B998EB00DECDDD /* Release */,
			);
			defaultConfigurationIsVisible = 0;
			defaultConfigurationName = Release;
		};
/* End XCConfigurationList section */
	};
	rootObject = 4F735BD323D7279400A8A537 /* Project object */;
}
