// !$*UTF8*$!
{
	archiveVersion = 1;
	classes = {
	};
	objectVersion = 50;
	objects = {

/* Begin PBXBuildFile section */
		4F59AE5F23CB3A1700BC3CE0 /* AppDelegate.swift in Sources */ = {isa = PBXBuildFile; fileRef = 4F59AE5E23CB3A1700BC3CE0 /* AppDelegate.swift */; };
		4F59AE6123CB3A1700BC3CE0 /* SceneDelegate.swift in Sources */ = {isa = PBXBuildFile; fileRef = 4F59AE6023CB3A1700BC3CE0 /* SceneDelegate.swift */; };
		4F59AE6323CB3A1700BC3CE0 /* ViewController.swift in Sources */ = {isa = PBXBuildFile; fileRef = 4F59AE6223CB3A1700BC3CE0 /* ViewController.swift */; };
		4F59AE6623CB3A1700BC3CE0 /* Main.storyboard in Resources */ = {isa = PBXBuildFile; fileRef = 4F59AE6423CB3A1700BC3CE0 /* Main.storyboard */; };
		4F59AE6823CB3A1A00BC3CE0 /* Assets.xcassets in Resources */ = {isa = PBXBuildFile; fileRef = 4F59AE6723CB3A1A00BC3CE0 /* Assets.xcassets */; };
		4F59AE6B23CB3A1A00BC3CE0 /* LaunchScreen.storyboard in Resources */ = {isa = PBXBuildFile; fileRef = 4F59AE6923CB3A1A00BC3CE0 /* LaunchScreen.storyboard */; };
		4F59AE7623CB3A1A00BC3CE0 /* SkarbSDKExampleTests.swift in Sources */ = {isa = PBXBuildFile; fileRef = 4F59AE7523CB3A1A00BC3CE0 /* SkarbSDKExampleTests.swift */; };
/* End PBXBuildFile section */

/* Begin PBXContainerItemProxy section */
		4F59AE7223CB3A1A00BC3CE0 /* PBXContainerItemProxy */ = {
			isa = PBXContainerItemProxy;
			containerPortal = 4F59AE5323CB3A1700BC3CE0 /* Project object */;
			proxyType = 1;
			remoteGlobalIDString = 4F59AE5A23CB3A1700BC3CE0;
			remoteInfo = SkarbSDKExample;
		};
/* End PBXContainerItemProxy section */

/* Begin PBXFileReference section */
		4F59AE5B23CB3A1700BC3CE0 /* SkarbSDKExample.app */ = {isa = PBXFileReference; explicitFileType = wrapper.application; includeInIndex = 0; path = SkarbSDKExample.app; sourceTree = BUILT_PRODUCTS_DIR; };
		4F59AE5E23CB3A1700BC3CE0 /* AppDelegate.swift */ = {isa = PBXFileReference; lastKnownFileType = sourcecode.swift; path = AppDelegate.swift; sourceTree = "<group>"; };
		4F59AE6023CB3A1700BC3CE0 /* SceneDelegate.swift */ = {isa = PBXFileReference; lastKnownFileType = sourcecode.swift; path = SceneDelegate.swift; sourceTree = "<group>"; };
		4F59AE6223CB3A1700BC3CE0 /* ViewController.swift */ = {isa = PBXFileReference; lastKnownFileType = sourcecode.swift; path = ViewController.swift; sourceTree = "<group>"; };
		4F59AE6523CB3A1700BC3CE0 /* Base */ = {isa = PBXFileReference; lastKnownFileType = file.storyboard; name = Base; path = Base.lproj/Main.storyboard; sourceTree = "<group>"; };
		4F59AE6723CB3A1A00BC3CE0 /* Assets.xcassets */ = {isa = PBXFileReference; lastKnownFileType = folder.assetcatalog; path = Assets.xcassets; sourceTree = "<group>"; };
		4F59AE6A23CB3A1A00BC3CE0 /* Base */ = {isa = PBXFileReference; lastKnownFileType = file.storyboard; name = Base; path = Base.lproj/LaunchScreen.storyboard; sourceTree = "<group>"; };
		4F59AE6C23CB3A1A00BC3CE0 /* Info.plist */ = {isa = PBXFileReference; lastKnownFileType = text.plist.xml; path = Info.plist; sourceTree = "<group>"; };
		4F59AE7123CB3A1A00BC3CE0 /* SkarbSDKExampleTests.xctest */ = {isa = PBXFileReference; explicitFileType = wrapper.cfbundle; includeInIndex = 0; path = SkarbSDKExampleTests.xctest; sourceTree = BUILT_PRODUCTS_DIR; };
		4F59AE7523CB3A1A00BC3CE0 /* SkarbSDKExampleTests.swift */ = {isa = PBXFileReference; lastKnownFileType = sourcecode.swift; path = SkarbSDKExampleTests.swift; sourceTree = "<group>"; };
		4F59AE7723CB3A1A00BC3CE0 /* Info.plist */ = {isa = PBXFileReference; lastKnownFileType = text.plist.xml; path = Info.plist; sourceTree = "<group>"; };
/* End PBXFileReference section */

/* Begin PBXFrameworksBuildPhase section */
		4F59AE5823CB3A1700BC3CE0 /* Frameworks */ = {
			isa = PBXFrameworksBuildPhase;
			buildActionMask = 2147483647;
			files = (
			);
			runOnlyForDeploymentPostprocessing = 0;
		};
		4F59AE6E23CB3A1A00BC3CE0 /* Frameworks */ = {
			isa = PBXFrameworksBuildPhase;
			buildActionMask = 2147483647;
			files = (
			);
			runOnlyForDeploymentPostprocessing = 0;
		};
/* End PBXFrameworksBuildPhase section */

/* Begin PBXGroup section */
		4F59AE5223CB3A1700BC3CE0 = {
			isa = PBXGroup;
			children = (
				4F59AE5D23CB3A1700BC3CE0 /* SkarbSDKExample */,
				4F59AE7423CB3A1A00BC3CE0 /* SkarbSDKExampleTests */,
				4F59AE5C23CB3A1700BC3CE0 /* Products */,
			);
			sourceTree = "<group>";
		};
		4F59AE5C23CB3A1700BC3CE0 /* Products */ = {
			isa = PBXGroup;
			children = (
				4F59AE5B23CB3A1700BC3CE0 /* SkarbSDKExample.app */,
				4F59AE7123CB3A1A00BC3CE0 /* SkarbSDKExampleTests.xctest */,
			);
			name = Products;
			sourceTree = "<group>";
		};
		4F59AE5D23CB3A1700BC3CE0 /* SkarbSDKExample */ = {
			isa = PBXGroup;
			children = (
				4F59AE5E23CB3A1700BC3CE0 /* AppDelegate.swift */,
				4F59AE6023CB3A1700BC3CE0 /* SceneDelegate.swift */,
				4F59AE6223CB3A1700BC3CE0 /* ViewController.swift */,
				4F59AE6423CB3A1700BC3CE0 /* Main.storyboard */,
				4F59AE6723CB3A1A00BC3CE0 /* Assets.xcassets */,
				4F59AE6923CB3A1A00BC3CE0 /* LaunchScreen.storyboard */,
				4F59AE6C23CB3A1A00BC3CE0 /* Info.plist */,
			);
			path = SkarbSDKExample;
			sourceTree = "<group>";
		};
		4F59AE7423CB3A1A00BC3CE0 /* SkarbSDKExampleTests */ = {
			isa = PBXGroup;
			children = (
				4F59AE7523CB3A1A00BC3CE0 /* SkarbSDKExampleTests.swift */,
				4F59AE7723CB3A1A00BC3CE0 /* Info.plist */,
			);
			path = SkarbSDKExampleTests;
			sourceTree = "<group>";
		};
/* End PBXGroup section */

/* Begin PBXNativeTarget section */
		4F59AE5A23CB3A1700BC3CE0 /* SkarbSDKExample */ = {
			isa = PBXNativeTarget;
			buildConfigurationList = 4F59AE7A23CB3A1A00BC3CE0 /* Build configuration list for PBXNativeTarget "SkarbSDKExample" */;
			buildPhases = (
				4F59AE5723CB3A1700BC3CE0 /* Sources */,
				4F59AE5823CB3A1700BC3CE0 /* Frameworks */,
				4F59AE5923CB3A1700BC3CE0 /* Resources */,
			);
			buildRules = (
			);
			dependencies = (
			);
			name = SkarbSDKExample;
			productName = SkarbSDKExample;
			productReference = 4F59AE5B23CB3A1700BC3CE0 /* SkarbSDKExample.app */;
			productType = "com.apple.product-type.application";
		};
		4F59AE7023CB3A1A00BC3CE0 /* SkarbSDKExampleTests */ = {
			isa = PBXNativeTarget;
			buildConfigurationList = 4F59AE7D23CB3A1A00BC3CE0 /* Build configuration list for PBXNativeTarget "SkarbSDKExampleTests" */;
			buildPhases = (
				4F59AE6D23CB3A1A00BC3CE0 /* Sources */,
				4F59AE6E23CB3A1A00BC3CE0 /* Frameworks */,
				4F59AE6F23CB3A1A00BC3CE0 /* Resources */,
			);
			buildRules = (
			);
			dependencies = (
				4F59AE7323CB3A1A00BC3CE0 /* PBXTargetDependency */,
			);
			name = SkarbSDKExampleTests;
			productName = SkarbSDKExampleTests;
			productReference = 4F59AE7123CB3A1A00BC3CE0 /* SkarbSDKExampleTests.xctest */;
			productType = "com.apple.product-type.bundle.unit-test";
		};
/* End PBXNativeTarget section */

/* Begin PBXProject section */
		4F59AE5323CB3A1700BC3CE0 /* Project object */ = {
			isa = PBXProject;
			attributes = {
				LastSwiftUpdateCheck = 1130;
				LastUpgradeCheck = 1130;
				ORGANIZATIONNAME = Prodinfire;
				TargetAttributes = {
					4F59AE5A23CB3A1700BC3CE0 = {
						CreatedOnToolsVersion = 11.3;
					};
					4F59AE7023CB3A1A00BC3CE0 = {
						CreatedOnToolsVersion = 11.3;
						TestTargetID = 4F59AE5A23CB3A1700BC3CE0;
					};
				};
			};
			buildConfigurationList = 4F59AE5623CB3A1700BC3CE0 /* Build configuration list for PBXProject "SkarbSDKExample" */;
			compatibilityVersion = "Xcode 9.3";
			developmentRegion = en;
			hasScannedForEncodings = 0;
			knownRegions = (
				en,
				Base,
			);
			mainGroup = 4F59AE5223CB3A1700BC3CE0;
			productRefGroup = 4F59AE5C23CB3A1700BC3CE0 /* Products */;
			projectDirPath = "";
			projectRoot = "";
			targets = (
				4F59AE5A23CB3A1700BC3CE0 /* SkarbSDKExample */,
				4F59AE7023CB3A1A00BC3CE0 /* SkarbSDKExampleTests */,
			);
		};
/* End PBXProject section */

/* Begin PBXResourcesBuildPhase section */
		4F59AE5923CB3A1700BC3CE0 /* Resources */ = {
			isa = PBXResourcesBuildPhase;
			buildActionMask = 2147483647;
			files = (
				4F59AE6B23CB3A1A00BC3CE0 /* LaunchScreen.storyboard in Resources */,
				4F59AE6823CB3A1A00BC3CE0 /* Assets.xcassets in Resources */,
				4F59AE6623CB3A1700BC3CE0 /* Main.storyboard in Resources */,
			);
			runOnlyForDeploymentPostprocessing = 0;
		};
		4F59AE6F23CB3A1A00BC3CE0 /* Resources */ = {
			isa = PBXResourcesBuildPhase;
			buildActionMask = 2147483647;
			files = (
			);
			runOnlyForDeploymentPostprocessing = 0;
		};
/* End PBXResourcesBuildPhase section */

/* Begin PBXSourcesBuildPhase section */
		4F59AE5723CB3A1700BC3CE0 /* Sources */ = {
			isa = PBXSourcesBuildPhase;
			buildActionMask = 2147483647;
			files = (
				4F59AE6323CB3A1700BC3CE0 /* ViewController.swift in Sources */,
				4F59AE5F23CB3A1700BC3CE0 /* AppDelegate.swift in Sources */,
				4F59AE6123CB3A1700BC3CE0 /* SceneDelegate.swift in Sources */,
			);
			runOnlyForDeploymentPostprocessing = 0;
		};
		4F59AE6D23CB3A1A00BC3CE0 /* Sources */ = {
			isa = PBXSourcesBuildPhase;
			buildActionMask = 2147483647;
			files = (
				4F59AE7623CB3A1A00BC3CE0 /* SkarbSDKExampleTests.swift in Sources */,
			);
			runOnlyForDeploymentPostprocessing = 0;
		};
/* End PBXSourcesBuildPhase section */

/* Begin PBXTargetDependency section */
		4F59AE7323CB3A1A00BC3CE0 /* PBXTargetDependency */ = {
			isa = PBXTargetDependency;
			target = 4F59AE5A23CB3A1700BC3CE0 /* SkarbSDKExample */;
			targetProxy = 4F59AE7223CB3A1A00BC3CE0 /* PBXContainerItemProxy */;
		};
/* End PBXTargetDependency section */

/* Begin PBXVariantGroup section */
		4F59AE6423CB3A1700BC3CE0 /* Main.storyboard */ = {
			isa = PBXVariantGroup;
			children = (
				4F59AE6523CB3A1700BC3CE0 /* Base */,
			);
			name = Main.storyboard;
			sourceTree = "<group>";
		};
		4F59AE6923CB3A1A00BC3CE0 /* LaunchScreen.storyboard */ = {
			isa = PBXVariantGroup;
			children = (
				4F59AE6A23CB3A1A00BC3CE0 /* Base */,
			);
			name = LaunchScreen.storyboard;
			sourceTree = "<group>";
		};
/* End PBXVariantGroup section */

/* Begin XCBuildConfiguration section */
		4F59AE7823CB3A1A00BC3CE0 /* Debug */ = {
			isa = XCBuildConfiguration;
			buildSettings = {
				ALWAYS_SEARCH_USER_PATHS = NO;
				CLANG_ANALYZER_NONNULL = YES;
				CLANG_ANALYZER_NUMBER_OBJECT_CONVERSION = YES_AGGRESSIVE;
				CLANG_CXX_LANGUAGE_STANDARD = "gnu++14";
				CLANG_CXX_LIBRARY = "libc++";
				CLANG_ENABLE_MODULES = YES;
				CLANG_ENABLE_OBJC_ARC = YES;
				CLANG_ENABLE_OBJC_WEAK = YES;
				CLANG_WARN_BLOCK_CAPTURE_AUTORELEASING = YES;
				CLANG_WARN_BOOL_CONVERSION = YES;
				CLANG_WARN_COMMA = YES;
				CLANG_WARN_CONSTANT_CONVERSION = YES;
				CLANG_WARN_DEPRECATED_OBJC_IMPLEMENTATIONS = YES;
				CLANG_WARN_DIRECT_OBJC_ISA_USAGE = YES_ERROR;
				CLANG_WARN_DOCUMENTATION_COMMENTS = YES;
				CLANG_WARN_EMPTY_BODY = YES;
				CLANG_WARN_ENUM_CONVERSION = YES;
				CLANG_WARN_INFINITE_RECURSION = YES;
				CLANG_WARN_INT_CONVERSION = YES;
				CLANG_WARN_NON_LITERAL_NULL_CONVERSION = YES;
				CLANG_WARN_OBJC_IMPLICIT_RETAIN_SELF = YES;
				CLANG_WARN_OBJC_LITERAL_CONVERSION = YES;
				CLANG_WARN_OBJC_ROOT_CLASS = YES_ERROR;
				CLANG_WARN_RANGE_LOOP_ANALYSIS = YES;
				CLANG_WARN_STRICT_PROTOTYPES = YES;
				CLANG_WARN_SUSPICIOUS_MOVE = YES;
				CLANG_WARN_UNGUARDED_AVAILABILITY = YES_AGGRESSIVE;
				CLANG_WARN_UNREACHABLE_CODE = YES;
				CLANG_WARN__DUPLICATE_METHOD_MATCH = YES;
				COPY_PHASE_STRIP = NO;
				DEBUG_INFORMATION_FORMAT = dwarf;
				ENABLE_STRICT_OBJC_MSGSEND = YES;
				ENABLE_TESTABILITY = YES;
				GCC_C_LANGUAGE_STANDARD = gnu11;
				GCC_DYNAMIC_NO_PIC = NO;
				GCC_NO_COMMON_BLOCKS = YES;
				GCC_OPTIMIZATION_LEVEL = 0;
				GCC_PREPROCESSOR_DEFINITIONS = (
					"DEBUG=1",
					"$(inherited)",
				);
				GCC_WARN_64_TO_32_BIT_CONVERSION = YES;
				GCC_WARN_ABOUT_RETURN_TYPE = YES_ERROR;
				GCC_WARN_UNDECLARED_SELECTOR = YES;
				GCC_WARN_UNINITIALIZED_AUTOS = YES_AGGRESSIVE;
				GCC_WARN_UNUSED_FUNCTION = YES;
				GCC_WARN_UNUSED_VARIABLE = YES;
				IPHONEOS_DEPLOYMENT_TARGET = 13.2;
				MTL_ENABLE_DEBUG_INFO = INCLUDE_SOURCE;
				MTL_FAST_MATH = YES;
				ONLY_ACTIVE_ARCH = YES;
				SDKROOT = iphoneos;
				SWIFT_ACTIVE_COMPILATION_CONDITIONS = DEBUG;
				SWIFT_OPTIMIZATION_LEVEL = "-Onone";
			};
			name = Debug;
		};
		4F59AE7923CB3A1A00BC3CE0 /* Release */ = {
			isa = XCBuildConfiguration;
			buildSettings = {
				ALWAYS_SEARCH_USER_PATHS = NO;
				CLANG_ANALYZER_NONNULL = YES;
				CLANG_ANALYZER_NUMBER_OBJECT_CONVERSION = YES_AGGRESSIVE;
				CLANG_CXX_LANGUAGE_STANDARD = "gnu++14";
				CLANG_CXX_LIBRARY = "libc++";
				CLANG_ENABLE_MODULES = YES;
				CLANG_ENABLE_OBJC_ARC = YES;
				CLANG_ENABLE_OBJC_WEAK = YES;
				CLANG_WARN_BLOCK_CAPTURE_AUTORELEASING = YES;
				CLANG_WARN_BOOL_CONVERSION = YES;
				CLANG_WARN_COMMA = YES;
				CLANG_WARN_CONSTANT_CONVERSION = YES;
				CLANG_WARN_DEPRECATED_OBJC_IMPLEMENTATIONS = YES;
				CLANG_WARN_DIRECT_OBJC_ISA_USAGE = YES_ERROR;
				CLANG_WARN_DOCUMENTATION_COMMENTS = YES;
				CLANG_WARN_EMPTY_BODY = YES;
				CLANG_WARN_ENUM_CONVERSION = YES;
				CLANG_WARN_INFINITE_RECURSION = YES;
				CLANG_WARN_INT_CONVERSION = YES;
				CLANG_WARN_NON_LITERAL_NULL_CONVERSION = YES;
				CLANG_WARN_OBJC_IMPLICIT_RETAIN_SELF = YES;
				CLANG_WARN_OBJC_LITERAL_CONVERSION = YES;
				CLANG_WARN_OBJC_ROOT_CLASS = YES_ERROR;
				CLANG_WARN_RANGE_LOOP_ANALYSIS = YES;
				CLANG_WARN_STRICT_PROTOTYPES = YES;
				CLANG_WARN_SUSPICIOUS_MOVE = YES;
				CLANG_WARN_UNGUARDED_AVAILABILITY = YES_AGGRESSIVE;
				CLANG_WARN_UNREACHABLE_CODE = YES;
				CLANG_WARN__DUPLICATE_METHOD_MATCH = YES;
				COPY_PHASE_STRIP = NO;
				DEBUG_INFORMATION_FORMAT = "dwarf-with-dsym";
				ENABLE_NS_ASSERTIONS = NO;
				ENABLE_STRICT_OBJC_MSGSEND = YES;
				GCC_C_LANGUAGE_STANDARD = gnu11;
				GCC_NO_COMMON_BLOCKS = YES;
				GCC_WARN_64_TO_32_BIT_CONVERSION = YES;
				GCC_WARN_ABOUT_RETURN_TYPE = YES_ERROR;
				GCC_WARN_UNDECLARED_SELECTOR = YES;
				GCC_WARN_UNINITIALIZED_AUTOS = YES_AGGRESSIVE;
				GCC_WARN_UNUSED_FUNCTION = YES;
				GCC_WARN_UNUSED_VARIABLE = YES;
				IPHONEOS_DEPLOYMENT_TARGET = 13.2;
				MTL_ENABLE_DEBUG_INFO = NO;
				MTL_FAST_MATH = YES;
				SDKROOT = iphoneos;
				SWIFT_COMPILATION_MODE = wholemodule;
				SWIFT_OPTIMIZATION_LEVEL = "-O";
				VALIDATE_PRODUCT = YES;
			};
			name = Release;
		};
		4F59AE7B23CB3A1A00BC3CE0 /* Debug */ = {
			isa = XCBuildConfiguration;
			buildSettings = {
				ASSETCATALOG_COMPILER_APPICON_NAME = AppIcon;
				CODE_SIGN_STYLE = Automatic;
				DEVELOPMENT_TEAM = 9W667Q75FZ;
				INFOPLIST_FILE = SkarbSDKExample/Info.plist;
				LD_RUNPATH_SEARCH_PATHS = (
					"$(inherited)",
					"@executable_path/Frameworks",
				);
				PRODUCT_BUNDLE_IDENTIFIER = com.prodinfire.skarb.SkarbSDKExample;
				PRODUCT_NAME = "$(TARGET_NAME)";
				SWIFT_VERSION = 5.0;
				TARGETED_DEVICE_FAMILY = "1,2";
			};
			name = Debug;
		};
		4F59AE7C23CB3A1A00BC3CE0 /* Release */ = {
			isa = XCBuildConfiguration;
			buildSettings = {
				ASSETCATALOG_COMPILER_APPICON_NAME = AppIcon;
				CODE_SIGN_STYLE = Automatic;
				DEVELOPMENT_TEAM = 9W667Q75FZ;
				INFOPLIST_FILE = SkarbSDKExample/Info.plist;
				LD_RUNPATH_SEARCH_PATHS = (
					"$(inherited)",
					"@executable_path/Frameworks",
				);
				PRODUCT_BUNDLE_IDENTIFIER = com.prodinfire.skarb.SkarbSDKExample;
				PRODUCT_NAME = "$(TARGET_NAME)";
				SWIFT_VERSION = 5.0;
				TARGETED_DEVICE_FAMILY = "1,2";
			};
			name = Release;
		};
		4F59AE7E23CB3A1A00BC3CE0 /* Debug */ = {
			isa = XCBuildConfiguration;
			buildSettings = {
				ALWAYS_EMBED_SWIFT_STANDARD_LIBRARIES = YES;
				BUNDLE_LOADER = "$(TEST_HOST)";
				CODE_SIGN_STYLE = Automatic;
				DEVELOPMENT_TEAM = 9W667Q75FZ;
				INFOPLIST_FILE = SkarbSDKExampleTests/Info.plist;
				IPHONEOS_DEPLOYMENT_TARGET = 13.2;
				LD_RUNPATH_SEARCH_PATHS = (
					"$(inherited)",
					"@executable_path/Frameworks",
					"@loader_path/Frameworks",
				);
				PRODUCT_BUNDLE_IDENTIFIER = com.prodinfire.skarb.SkarbSDKExampleTests;
				PRODUCT_NAME = "$(TARGET_NAME)";
				SWIFT_VERSION = 5.0;
				TARGETED_DEVICE_FAMILY = "1,2";
				TEST_HOST = "$(BUILT_PRODUCTS_DIR)/SkarbSDKExample.app/SkarbSDKExample";
			};
			name = Debug;
		};
		4F59AE7F23CB3A1A00BC3CE0 /* Release */ = {
			isa = XCBuildConfiguration;
			buildSettings = {
				ALWAYS_EMBED_SWIFT_STANDARD_LIBRARIES = YES;
				BUNDLE_LOADER = "$(TEST_HOST)";
				CODE_SIGN_STYLE = Automatic;
				DEVELOPMENT_TEAM = 9W667Q75FZ;
				INFOPLIST_FILE = SkarbSDKExampleTests/Info.plist;
				IPHONEOS_DEPLOYMENT_TARGET = 13.2;
				LD_RUNPATH_SEARCH_PATHS = (
					"$(inherited)",
					"@executable_path/Frameworks",
					"@loader_path/Frameworks",
				);
				PRODUCT_BUNDLE_IDENTIFIER = com.prodinfire.skarb.SkarbSDKExampleTests;
				PRODUCT_NAME = "$(TARGET_NAME)";
				SWIFT_VERSION = 5.0;
				TARGETED_DEVICE_FAMILY = "1,2";
				TEST_HOST = "$(BUILT_PRODUCTS_DIR)/SkarbSDKExample.app/SkarbSDKExample";
			};
			name = Release;
		};
/* End XCBuildConfiguration section */

/* Begin XCConfigurationList section */
		4F59AE5623CB3A1700BC3CE0 /* Build configuration list for PBXProject "SkarbSDKExample" */ = {
			isa = XCConfigurationList;
			buildConfigurations = (
				4F59AE7823CB3A1A00BC3CE0 /* Debug */,
				4F59AE7923CB3A1A00BC3CE0 /* Release */,
			);
			defaultConfigurationIsVisible = 0;
			defaultConfigurationName = Release;
		};
		4F59AE7A23CB3A1A00BC3CE0 /* Build configuration list for PBXNativeTarget "SkarbSDKExample" */ = {
			isa = XCConfigurationList;
			buildConfigurations = (
				4F59AE7B23CB3A1A00BC3CE0 /* Debug */,
				4F59AE7C23CB3A1A00BC3CE0 /* Release */,
			);
			defaultConfigurationIsVisible = 0;
			defaultConfigurationName = Release;
		};
		4F59AE7D23CB3A1A00BC3CE0 /* Build configuration list for PBXNativeTarget "SkarbSDKExampleTests" */ = {
			isa = XCConfigurationList;
			buildConfigurations = (
				4F59AE7E23CB3A1A00BC3CE0 /* Debug */,
				4F59AE7F23CB3A1A00BC3CE0 /* Release */,
			);
			defaultConfigurationIsVisible = 0;
			defaultConfigurationName = Release;
		};
/* End XCConfigurationList section */
	};
	rootObject = 4F59AE5323CB3A1700BC3CE0 /* Project object */;
}
